
Microsoft Visual Studio Solution File, Format Version 12.00
# TcXaeShell Solution File, Format Version 11.00
VisualStudioVersion = 15.0.28307.1300
MinimumVisualStudioVersion = 10.0.40219.1
Project("{B1E792BE-AA5F-4E3C-8C82-674BF9C0715B}") = "Tutorial2", "Tutorial2\Tutorial2.tsproj", "{5C6208EF-F4E7-4C0D-9D08-B040110EC396}"
EndProject
Global
	GlobalSection(SolutionConfigurationPlatforms) = preSolution
		Debug|TwinCAT CE7 (ARMV7) = Debug|TwinCAT CE7 (ARMV7)
		Debug|TwinCAT OS (ARMT2) = Debug|TwinCAT OS (ARMT2)
		Debug|TwinCAT RT (x64) = Debug|TwinCAT RT (x64)
		Debug|TwinCAT RT (x86) = Debug|TwinCAT RT (x86)
		Release|TwinCAT CE7 (ARMV7) = Release|TwinCAT CE7 (ARMV7)
		Release|TwinCAT OS (ARMT2) = Release|TwinCAT OS (ARMT2)
		Release|TwinCAT RT (x64) = Release|TwinCAT RT (x64)
		Release|TwinCAT RT (x86) = Release|TwinCAT RT (x86)
	EndGlobalSection
	GlobalSection(ProjectConfigurationPlatforms) = postSolution
		{5C6208EF-F4E7-4C0D-9D08-B040110EC396}.Debug|TwinCAT CE7 (ARMV7).ActiveCfg = Debug|TwinCAT CE7 (ARMV7)
		{5C6208EF-F4E7-4C0D-9D08-B040110EC396}.Debug|TwinCAT CE7 (ARMV7).Build.0 = Debug|TwinCAT CE7 (ARMV7)
		{5C6208EF-F4E7-4C0D-9D08-B040110EC396}.Debug|TwinCAT OS (ARMT2).ActiveCfg = Debug|TwinCAT OS (ARMT2)
		{5C6208EF-F4E7-4C0D-9D08-B040110EC396}.Debug|TwinCAT OS (ARMT2).Build.0 = Debug|TwinCAT OS (ARMT2)
		{5C6208EF-F4E7-4C0D-9D08-B040110EC396}.Debug|TwinCAT RT (x64).ActiveCfg = Debug|TwinCAT RT (x64)
		{5C6208EF-F4E7-4C0D-9D08-B040110EC396}.Debug|TwinCAT RT (x64).Build.0 = Debug|TwinCAT RT (x64)
		{5C6208EF-F4E7-4C0D-9D08-B040110EC396}.Debug|TwinCAT RT (x86).ActiveCfg = Debug|TwinCAT RT (x86)
		{5C6208EF-F4E7-4C0D-9D08-B040110EC396}.Debug|TwinCAT RT (x86).Build.0 = Debug|TwinCAT RT (x86)
		{5C6208EF-F4E7-4C0D-9D08-B040110EC396}.Release|TwinCAT CE7 (ARMV7).ActiveCfg = Release|TwinCAT CE7 (ARMV7)
		{5C6208EF-F4E7-4C0D-9D08-B040110EC396}.Release|TwinCAT CE7 (ARMV7).Build.0 = Release|TwinCAT CE7 (ARMV7)
		{5C6208EF-F4E7-4C0D-9D08-B040110EC396}.Release|TwinCAT OS (ARMT2).ActiveCfg = Release|TwinCAT OS (ARMT2)
		{5C6208EF-F4E7-4C0D-9D08-B040110EC396}.Release|TwinCAT OS (ARMT2).Build.0 = Release|TwinCAT OS (ARMT2)
		{5C6208EF-F4E7-4C0D-9D08-B040110EC396}.Release|TwinCAT RT (x64).ActiveCfg = Release|TwinCAT RT (x64)
		{5C6208EF-F4E7-4C0D-9D08-B040110EC396}.Release|TwinCAT RT (x64).Build.0 = Release|TwinCAT RT (x64)
		{5C6208EF-F4E7-4C0D-9D08-B040110EC396}.Release|TwinCAT RT (x86).ActiveCfg = Release|TwinCAT RT (x86)
		{5C6208EF-F4E7-4C0D-9D08-B040110EC396}.Release|TwinCAT RT (x86).Build.0 = Release|TwinCAT RT (x86)
		{0CBF7B3C-1119-4AFC-B46A-8B8DD2050F55}.Debug|TwinCAT CE7 (ARMV7).ActiveCfg = Debug|TwinCAT CE7 (ARMV7)
		{0CBF7B3C-1119-4AFC-B46A-8B8DD2050F55}.Debug|TwinCAT CE7 (ARMV7).Build.0 = Debug|TwinCAT CE7 (ARMV7)
		{0CBF7B3C-1119-4AFC-B46A-8B8DD2050F55}.Debug|TwinCAT OS (ARMT2).ActiveCfg = Debug|TwinCAT OS (ARMT2)
		{0CBF7B3C-1119-4AFC-B46A-8B8DD2050F55}.Debug|TwinCAT OS (ARMT2).Build.0 = Debug|TwinCAT OS (ARMT2)
		{0CBF7B3C-1119-4AFC-B46A-8B8DD2050F55}.Debug|TwinCAT RT (x64).ActiveCfg = Debug|TwinCAT RT (x64)
		{0CBF7B3C-1119-4AFC-B46A-8B8DD2050F55}.Debug|TwinCAT RT (x64).Build.0 = Debug|TwinCAT RT (x64)
		{0CBF7B3C-1119-4AFC-B46A-8B8DD2050F55}.Debug|TwinCAT RT (x86).ActiveCfg = Debug|TwinCAT RT (x86)
		{0CBF7B3C-1119-4AFC-B46A-8B8DD2050F55}.Debug|TwinCAT RT (x86).Build.0 = Debug|TwinCAT RT (x86)
		{0CBF7B3C-1119-4AFC-B46A-8B8DD2050F55}.Release|TwinCAT CE7 (ARMV7).ActiveCfg = Release|TwinCAT CE7 (ARMV7)
		{0CBF7B3C-1119-4AFC-B46A-8B8DD2050F55}.Release|TwinCAT CE7 (ARMV7).Build.0 = Release|TwinCAT CE7 (ARMV7)
		{0CBF7B3C-1119-4AFC-B46A-8B8DD2050F55}.Release|TwinCAT OS (ARMT2).ActiveCfg = Release|TwinCAT OS (ARMT2)
		{0CBF7B3C-1119-4AFC-B46A-8B8DD2050F55}.Release|TwinCAT OS (ARMT2).Build.0 = Release|TwinCAT OS (ARMT2)
		{0CBF7B3C-1119-4AFC-B46A-8B8DD2050F55}.Release|TwinCAT RT (x64).ActiveCfg = Release|TwinCAT RT (x64)
		{0CBF7B3C-1119-4AFC-B46A-8B8DD2050F55}.Release|TwinCAT RT (x64).Build.0 = Release|TwinCAT RT (x64)
		{0CBF7B3C-1119-4AFC-B46A-8B8DD2050F55}.Release|TwinCAT RT (x86).ActiveCfg = Release|TwinCAT RT (x86)
		{0CBF7B3C-1119-4AFC-B46A-8B8DD2050F55}.Release|TwinCAT RT (x86).Build.0 = Release|TwinCAT RT (x86)
	EndGlobalSection
	GlobalSection(SolutionProperties) = preSolution
		HideSolutionNode = FALSE
	EndGlobalSection
	GlobalSection(ExtensibilityGlobals) = postSolution
		SolutionGuid = {09903488-8C42-41DB-88E7-39CFBCF4C1CE}
	EndGlobalSection
EndGlobal
